
Microsoft Visual Studio Solution File, Format Version 12.00
# Visual Studio 15
VisualStudioVersion = 15.0.27004.2005
MinimumVisualStudioVersion = 10.0.40219.1
Project("{9A19103F-16F7-4668-BE54-9A1E7A4F7556}") = "core", "Core\core.csproj", "{C8E0B672-9ED1-4F13-BBAE-0C7DC8044B6D}"
EndProject
Project("{9A19103F-16F7-4668-BE54-9A1E7A4F7556}") = "logic", "logic\logic.csproj", "{BC439A0C-0F97-4D87-9C7A-007804A5B662}"
EndProject
Project("{9A19103F-16F7-4668-BE54-9A1E7A4F7556}") = "dal", "dal\dal.csproj", "{BE638F34-0776-4B54-A904-791092A7536F}"
EndProject
Project("{FAE04EC0-301F-11D3-BF4B-00C04F79EFBC}") = "webapp", "webapp\webapp.csproj", "{E62B6229-5DB7-4F49-9883-E29352DE38D4}"
EndProject
Global
	GlobalSection(SolutionConfigurationPlatforms) = preSolution
		Debug|Any CPU = Debug|Any CPU
		Release|Any CPU = Release|Any CPU
	EndGlobalSection
	GlobalSection(ProjectConfigurationPlatforms) = postSolution
		{C8E0B672-9ED1-4F13-BBAE-0C7DC8044B6D}.Debug|Any CPU.ActiveCfg = Debug|Any CPU
		{C8E0B672-9ED1-4F13-BBAE-0C7DC8044B6D}.Debug|Any CPU.Build.0 = Debug|Any CPU
		{C8E0B672-9ED1-4F13-BBAE-0C7DC8044B6D}.Release|Any CPU.ActiveCfg = Release|Any CPU
		{C8E0B672-9ED1-4F13-BBAE-0C7DC8044B6D}.Release|Any CPU.Build.0 = Release|Any CPU
		{BC439A0C-0F97-4D87-9C7A-007804A5B662}.Debug|Any CPU.ActiveCfg = Debug|Any CPU
		{BC439A0C-0F97-4D87-9C7A-007804A5B662}.Debug|Any CPU.Build.0 = Debug|Any CPU
		{BC439A0C-0F97-4D87-9C7A-007804A5B662}.Release|Any CPU.ActiveCfg = Release|Any CPU
		{BC439A0C-0F97-4D87-9C7A-007804A5B662}.Release|Any CPU.Build.0 = Release|Any CPU
		{BE638F34-0776-4B54-A904-791092A7536F}.Debug|Any CPU.ActiveCfg = Debug|Any CPU
		{BE638F34-0776-4B54-A904-791092A7536F}.Debug|Any CPU.Build.0 = Debug|Any CPU
		{BE638F34-0776-4B54-A904-791092A7536F}.Release|Any CPU.ActiveCfg = Release|Any CPU
		{BE638F34-0776-4B54-A904-791092A7536F}.Release|Any CPU.Build.0 = Release|Any CPU
		{E62B6229-5DB7-4F49-9883-E29352DE38D4}.Debug|Any CPU.ActiveCfg = Debug|Any CPU
		{E62B6229-5DB7-4F49-9883-E29352DE38D4}.Debug|Any CPU.Build.0 = Debug|Any CPU
		{E62B6229-5DB7-4F49-9883-E29352DE38D4}.Release|Any CPU.ActiveCfg = Release|Any CPU
		{E62B6229-5DB7-4F49-9883-E29352DE38D4}.Release|Any CPU.Build.0 = Release|Any CPU
	EndGlobalSection
	GlobalSection(SolutionProperties) = preSolution
		HideSolutionNode = FALSE
	EndGlobalSection
	GlobalSection(ExtensibilityGlobals) = postSolution
		SolutionGuid = {DF53745D-A3D6-49D9-B6F9-20FA406F2AD4}
	EndGlobalSection
EndGlobal
