
Microsoft Visual Studio Solution File, Format Version 12.00
# Visual Studio 15
VisualStudioVersion = 15.0.27428.2015
MinimumVisualStudioVersion = 10.0.40219.1
Project("{FAE04EC0-301F-11D3-BF4B-00C04F79EFBC}") = "Tikkies tool", "Tikkies tool\Tikkies tool.csproj", "{1E58514A-9BA3-4CBA-85E7-F078E86FE1FD}"
EndProject
Global
	GlobalSection(SolutionConfigurationPlatforms) = preSolution
		Debug|Any CPU = Debug|Any CPU
		Release|Any CPU = Release|Any CPU
	EndGlobalSection
	GlobalSection(ProjectConfigurationPlatforms) = postSolution
		{1E58514A-9BA3-4CBA-85E7-F078E86FE1FD}.Debug|Any CPU.ActiveCfg = Debug|Any CPU
		{1E58514A-9BA3-4CBA-85E7-F078E86FE1FD}.Debug|Any CPU.Build.0 = Debug|Any CPU
		{1E58514A-9BA3-4CBA-85E7-F078E86FE1FD}.Release|Any CPU.ActiveCfg = Release|Any CPU
		{1E58514A-9BA3-4CBA-85E7-F078E86FE1FD}.Release|Any CPU.Build.0 = Release|Any CPU
	EndGlobalSection
	GlobalSection(SolutionProperties) = preSolution
		HideSolutionNode = FALSE
	EndGlobalSection
	GlobalSection(ExtensibilityGlobals) = postSolution
		SolutionGuid = {DF53745D-A3D6-49D9-B6F9-20FA406F2AD4}
	EndGlobalSection
EndGlobal
